// !$*UTF8*$!
{
	archiveVersion = 1;
	classes = {
	};
	objectVersion = 50;
	objects = {

/* Begin PBXBuildFile section */
		571DBB8325B8CAD500ABBF97 /* AppDelegate.swift in Sources */ = {isa = PBXBuildFile; fileRef = 571DBB8225B8CAD500ABBF97 /* AppDelegate.swift */; };
		571DBB8525B8CAD500ABBF97 /* SceneDelegate.swift in Sources */ = {isa = PBXBuildFile; fileRef = 571DBB8425B8CAD500ABBF97 /* SceneDelegate.swift */; };
		571DBB8725B8CAD500ABBF97 /* MovieViewController.swift in Sources */ = {isa = PBXBuildFile; fileRef = 571DBB8625B8CAD500ABBF97 /* MovieViewController.swift */; };
		571DBB8A25B8CAD500ABBF97 /* Main.storyboard in Resources */ = {isa = PBXBuildFile; fileRef = 571DBB8825B8CAD500ABBF97 /* Main.storyboard */; };
		571DBB8C25B8CAD800ABBF97 /* Assets.xcassets in Resources */ = {isa = PBXBuildFile; fileRef = 571DBB8B25B8CAD800ABBF97 /* Assets.xcassets */; };
		571DBB8F25B8CAD800ABBF97 /* LaunchScreen.storyboard in Resources */ = {isa = PBXBuildFile; fileRef = 571DBB8D25B8CAD800ABBF97 /* LaunchScreen.storyboard */; };
/* End PBXBuildFile section */

/* Begin PBXFileReference section */
		571DBB7F25B8CAD500ABBF97 /* Play-Video-From-URL.app */ = {isa = PBXFileReference; explicitFileType = wrapper.application; includeInIndex = 0; path = "Play-Video-From-URL.app"; sourceTree = BUILT_PRODUCTS_DIR; };
		571DBB8225B8CAD500ABBF97 /* AppDelegate.swift */ = {isa = PBXFileReference; lastKnownFileType = sourcecode.swift; path = AppDelegate.swift; sourceTree = "<group>"; };
		571DBB8425B8CAD500ABBF97 /* SceneDelegate.swift */ = {isa = PBXFileReference; lastKnownFileType = sourcecode.swift; path = SceneDelegate.swift; sourceTree = "<group>"; };
		571DBB8625B8CAD500ABBF97 /* MovieViewController.swift */ = {isa = PBXFileReference; lastKnownFileType = sourcecode.swift; path = MovieViewController.swift; sourceTree = "<group>"; };
		571DBB8925B8CAD500ABBF97 /* Base */ = {isa = PBXFileReference; lastKnownFileType = file.storyboard; name = Base; path = Base.lproj/Main.storyboard; sourceTree = "<group>"; };
		571DBB8B25B8CAD800ABBF97 /* Assets.xcassets */ = {isa = PBXFileReference; lastKnownFileType = folder.assetcatalog; path = Assets.xcassets; sourceTree = "<group>"; };
		571DBB8E25B8CAD800ABBF97 /* Base */ = {isa = PBXFileReference; lastKnownFileType = file.storyboard; name = Base; path = Base.lproj/LaunchScreen.storyboard; sourceTree = "<group>"; };
		571DBB9025B8CAD800ABBF97 /* Info.plist */ = {isa = PBXFileReference; lastKnownFileType = text.plist.xml; path = Info.plist; sourceTree = "<group>"; };
/* End PBXFileReference section */

/* Begin PBXFrameworksBuildPhase section */
		571DBB7C25B8CAD500ABBF97 /* Frameworks */ = {
			isa = PBXFrameworksBuildPhase;
			buildActionMask = 2147483647;
			files = (
			);
			runOnlyForDeploymentPostprocessing = 0;
		};
/* End PBXFrameworksBuildPhase section */

/* Begin PBXGroup section */
		571DBB7625B8CAD500ABBF97 = {
			isa = PBXGroup;
			children = (
				571DBB8125B8CAD500ABBF97 /* Play-Video-From-URL */,
				571DBB8025B8CAD500ABBF97 /* Products */,
			);
			sourceTree = "<group>";
		};
		571DBB8025B8CAD500ABBF97 /* Products */ = {
			isa = PBXGroup;
			children = (
				571DBB7F25B8CAD500ABBF97 /* Play-Video-From-URL.app */,
			);
			name = Products;
			sourceTree = "<group>";
		};
		571DBB8125B8CAD500ABBF97 /* Play-Video-From-URL */ = {
			isa = PBXGroup;
			children = (
				571DBB8225B8CAD500ABBF97 /* AppDelegate.swift */,
				571DBB8425B8CAD500ABBF97 /* SceneDelegate.swift */,
				571DBB8625B8CAD500ABBF97 /* MovieViewController.swift */,
				571DBB8825B8CAD500ABBF97 /* Main.storyboard */,
				571DBB8B25B8CAD800ABBF97 /* Assets.xcassets */,
				571DBB8D25B8CAD800ABBF97 /* LaunchScreen.storyboard */,
				571DBB9025B8CAD800ABBF97 /* Info.plist */,
			);
			path = "Play-Video-From-URL";
			sourceTree = "<group>";
		};
/* End PBXGroup section */

/* Begin PBXNativeTarget section */
		571DBB7E25B8CAD500ABBF97 /* Play-Video-From-URL */ = {
			isa = PBXNativeTarget;
			buildConfigurationList = 571DBB9325B8CAD800ABBF97 /* Build configuration list for PBXNativeTarget "Play-Video-From-URL" */;
			buildPhases = (
				571DBB7B25B8CAD500ABBF97 /* Sources */,
				571DBB7C25B8CAD500ABBF97 /* Frameworks */,
				571DBB7D25B8CAD500ABBF97 /* Resources */,
			);
			buildRules = (
			);
			dependencies = (
			);
			name = "Play-Video-From-URL";
			productName = "Play-Video-From-URL";
			productReference = 571DBB7F25B8CAD500ABBF97 /* Play-Video-From-URL.app */;
			productType = "com.apple.product-type.application";
		};
/* End PBXNativeTarget section */

/* Begin PBXProject section */
		571DBB7725B8CAD500ABBF97 /* Project object */ = {
			isa = PBXProject;
			attributes = {
				LastSwiftUpdateCheck = 1230;
				LastUpgradeCheck = 1230;
				TargetAttributes = {
					571DBB7E25B8CAD500ABBF97 = {
						CreatedOnToolsVersion = 12.3;
					};
				};
			};
			buildConfigurationList = 571DBB7A25B8CAD500ABBF97 /* Build configuration list for PBXProject "Play-Video-From-URL" */;
			compatibilityVersion = "Xcode 9.3";
			developmentRegion = en;
			hasScannedForEncodings = 0;
			knownRegions = (
				en,
				Base,
			);
			mainGroup = 571DBB7625B8CAD500ABBF97;
			productRefGroup = 571DBB8025B8CAD500ABBF97 /* Products */;
			projectDirPath = "";
			projectRoot = "";
			targets = (
				571DBB7E25B8CAD500ABBF97 /* Play-Video-From-URL */,
			);
		};
/* End PBXProject section */

/* Begin PBXResourcesBuildPhase section */
		571DBB7D25B8CAD500ABBF97 /* Resources */ = {
			isa = PBXResourcesBuildPhase;
			buildActionMask = 2147483647;
			files = (
				571DBB8F25B8CAD800ABBF97 /* LaunchScreen.storyboard in Resources */,
				571DBB8C25B8CAD800ABBF97 /* Assets.xcassets in Resources */,
				571DBB8A25B8CAD500ABBF97 /* Main.storyboard in Resources */,
			);
			runOnlyForDeploymentPostprocessing = 0;
		};
/* End PBXResourcesBuildPhase section */

/* Begin PBXSourcesBuildPhase section */
		571DBB7B25B8CAD500ABBF97 /* Sources */ = {
			isa = PBXSourcesBuildPhase;
			buildActionMask = 2147483647;
			files = (
				571DBB8725B8CAD500ABBF97 /* MovieViewController.swift in Sources */,
				571DBB8325B8CAD500ABBF97 /* AppDelegate.swift in Sources */,
				571DBB8525B8CAD500ABBF97 /* SceneDelegate.swift in Sources */,
			);
			runOnlyForDeploymentPostprocessing = 0;
		};
/* End PBXSourcesBuildPhase section */

/* Begin PBXVariantGroup section */
		571DBB8825B8CAD500ABBF97 /* Main.storyboard */ = {
			isa = PBXVariantGroup;
			children = (
				571DBB8925B8CAD500ABBF97 /* Base */,
			);
			name = Main.storyboard;
			sourceTree = "<group>";
		};
		571DBB8D25B8CAD800ABBF97 /* LaunchScreen.storyboard */ = {
			isa = PBXVariantGroup;
			children = (
				571DBB8E25B8CAD800ABBF97 /* Base */,
			);
			name = LaunchScreen.storyboard;
			sourceTree = "<group>";
		};
/* End PBXVariantGroup section */

/* Begin XCBuildConfiguration section */
		571DBB9125B8CAD800ABBF97 /* Debug */ = {
			isa = XCBuildConfiguration;
			buildSettings = {
				ALWAYS_SEARCH_USER_PATHS = NO;
				CLANG_ANALYZER_NONNULL = YES;
				CLANG_ANALYZER_NUMBER_OBJECT_CONVERSION = YES_AGGRESSIVE;
				CLANG_CXX_LANGUAGE_STANDARD = "gnu++14";
				CLANG_CXX_LIBRARY = "libc++";
				CLANG_ENABLE_MODULES = YES;
				CLANG_ENABLE_OBJC_ARC = YES;
				CLANG_ENABLE_OBJC_WEAK = YES;
				CLANG_WARN_BLOCK_CAPTURE_AUTORELEASING = YES;
				CLANG_WARN_BOOL_CONVERSION = YES;
				CLANG_WARN_COMMA = YES;
				CLANG_WARN_CONSTANT_CONVERSION = YES;
				CLANG_WARN_DEPRECATED_OBJC_IMPLEMENTATIONS = YES;
				CLANG_WARN_DIRECT_OBJC_ISA_USAGE = YES_ERROR;
				CLANG_WARN_DOCUMENTATION_COMMENTS = YES;
				CLANG_WARN_EMPTY_BODY = YES;
				CLANG_WARN_ENUM_CONVERSION = YES;
				CLANG_WARN_INFINITE_RECURSION = YES;
				CLANG_WARN_INT_CONVERSION = YES;
				CLANG_WARN_NON_LITERAL_NULL_CONVERSION = YES;
				CLANG_WARN_OBJC_IMPLICIT_RETAIN_SELF = YES;
				CLANG_WARN_OBJC_LITERAL_CONVERSION = YES;
				CLANG_WARN_OBJC_ROOT_CLASS = YES_ERROR;
				CLANG_WARN_QUOTED_INCLUDE_IN_FRAMEWORK_HEADER = YES;
				CLANG_WARN_RANGE_LOOP_ANALYSIS = YES;
				CLANG_WARN_STRICT_PROTOTYPES = YES;
				CLANG_WARN_SUSPICIOUS_MOVE = YES;
				CLANG_WARN_UNGUARDED_AVAILABILITY = YES_AGGRESSIVE;
				CLANG_WARN_UNREACHABLE_CODE = YES;
				CLANG_WARN__DUPLICATE_METHOD_MATCH = YES;
				COPY_PHASE_STRIP = NO;
				DEBUG_INFORMATION_FORMAT = dwarf;
				ENABLE_STRICT_OBJC_MSGSEND = YES;
				ENABLE_TESTABILITY = YES;
				GCC_C_LANGUAGE_STANDARD = gnu11;
				GCC_DYNAMIC_NO_PIC = NO;
				GCC_NO_COMMON_BLOCKS = YES;
				GCC_OPTIMIZATION_LEVEL = 0;
				GCC_PREPROCESSOR_DEFINITIONS = (
					"DEBUG=1",
					"$(inherited)",
				);
				GCC_WARN_64_TO_32_BIT_CONVERSION = YES;
				GCC_WARN_ABOUT_RETURN_TYPE = YES_ERROR;
				GCC_WARN_UNDECLARED_SELECTOR = YES;
				GCC_WARN_UNINITIALIZED_AUTOS = YES_AGGRESSIVE;
				GCC_WARN_UNUSED_FUNCTION = YES;
				GCC_WARN_UNUSED_VARIABLE = YES;
				IPHONEOS_DEPLOYMENT_TARGET = 14.3;
				MTL_ENABLE_DEBUG_INFO = INCLUDE_SOURCE;
				MTL_FAST_MATH = YES;
				ONLY_ACTIVE_ARCH = YES;
				SDKROOT = iphoneos;
				SWIFT_ACTIVE_COMPILATION_CONDITIONS = DEBUG;
				SWIFT_OPTIMIZATION_LEVEL = "-Onone";
			};
			name = Debug;
		};
		571DBB9225B8CAD800ABBF97 /* Release */ = {
			isa = XCBuildConfiguration;
			buildSettings = {
				ALWAYS_SEARCH_USER_PATHS = NO;
				CLANG_ANALYZER_NONNULL = YES;
				CLANG_ANALYZER_NUMBER_OBJECT_CONVERSION = YES_AGGRESSIVE;
				CLANG_CXX_LANGUAGE_STANDARD = "gnu++14";
				CLANG_CXX_LIBRARY = "libc++";
				CLANG_ENABLE_MODULES = YES;
				CLANG_ENABLE_OBJC_ARC = YES;
				CLANG_ENABLE_OBJC_WEAK = YES;
				CLANG_WARN_BLOCK_CAPTURE_AUTORELEASING = YES;
				CLANG_WARN_BOOL_CONVERSION = YES;
				CLANG_WARN_COMMA = YES;
				CLANG_WARN_CONSTANT_CONVERSION = YES;
				CLANG_WARN_DEPRECATED_OBJC_IMPLEMENTATIONS = YES;
				CLANG_WARN_DIRECT_OBJC_ISA_USAGE = YES_ERROR;
				CLANG_WARN_DOCUMENTATION_COMMENTS = YES;
				CLANG_WARN_EMPTY_BODY = YES;
				CLANG_WARN_ENUM_CONVERSION = YES;
				CLANG_WARN_INFINITE_RECURSION = YES;
				CLANG_WARN_INT_CONVERSION = YES;
				CLANG_WARN_NON_LITERAL_NULL_CONVERSION = YES;
				CLANG_WARN_OBJC_IMPLICIT_RETAIN_SELF = YES;
				CLANG_WARN_OBJC_LITERAL_CONVERSION = YES;
				CLANG_WARN_OBJC_ROOT_CLASS = YES_ERROR;
				CLANG_WARN_QUOTED_INCLUDE_IN_FRAMEWORK_HEADER = YES;
				CLANG_WARN_RANGE_LOOP_ANALYSIS = YES;
				CLANG_WARN_STRICT_PROTOTYPES = YES;
				CLANG_WARN_SUSPICIOUS_MOVE = YES;
				CLANG_WARN_UNGUARDED_AVAILABILITY = YES_AGGRESSIVE;
				CLANG_WARN_UNREACHABLE_CODE = YES;
				CLANG_WARN__DUPLICATE_METHOD_MATCH = YES;
				COPY_PHASE_STRIP = NO;
				DEBUG_INFORMATION_FORMAT = "dwarf-with-dsym";
				ENABLE_NS_ASSERTIONS = NO;
				ENABLE_STRICT_OBJC_MSGSEND = YES;
				GCC_C_LANGUAGE_STANDARD = gnu11;
				GCC_NO_COMMON_BLOCKS = YES;
				GCC_WARN_64_TO_32_BIT_CONVERSION = YES;
				GCC_WARN_ABOUT_RETURN_TYPE = YES_ERROR;
				GCC_WARN_UNDECLARED_SELECTOR = YES;
				GCC_WARN_UNINITIALIZED_AUTOS = YES_AGGRESSIVE;
				GCC_WARN_UNUSED_FUNCTION = YES;
				GCC_WARN_UNUSED_VARIABLE = YES;
				IPHONEOS_DEPLOYMENT_TARGET = 14.3;
				MTL_ENABLE_DEBUG_INFO = NO;
				MTL_FAST_MATH = YES;
				SDKROOT = iphoneos;
				SWIFT_COMPILATION_MODE = wholemodule;
				SWIFT_OPTIMIZATION_LEVEL = "-O";
				VALIDATE_PRODUCT = YES;
			};
			name = Release;
		};
		571DBB9425B8CAD800ABBF97 /* Debug */ = {
			isa = XCBuildConfiguration;
			buildSettings = {
				ASSETCATALOG_COMPILER_APPICON_NAME = AppIcon;
				ASSETCATALOG_COMPILER_GLOBAL_ACCENT_COLOR_NAME = AccentColor;
				CODE_SIGN_STYLE = Automatic;
				DEVELOPMENT_TEAM = ZEKMNK5YD3;
				INFOPLIST_FILE = "Play-Video-From-URL/Info.plist";
				LD_RUNPATH_SEARCH_PATHS = (
					"$(inherited)",
					"@executable_path/Frameworks",
				);
				PRODUCT_BUNDLE_IDENTIFIER = "com.alexcpaul.Play-Video-From-URL";
				PRODUCT_NAME = "$(TARGET_NAME)";
				SWIFT_VERSION = 5.0;
				TARGETED_DEVICE_FAMILY = "1,2";
			};
			name = Debug;
		};
		571DBB9525B8CAD800ABBF97 /* Release */ = {
			isa = XCBuildConfiguration;
			buildSettings = {
				ASSETCATALOG_COMPILER_APPICON_NAME = AppIcon;
				ASSETCATALOG_COMPILER_GLOBAL_ACCENT_COLOR_NAME = AccentColor;
				CODE_SIGN_STYLE = Automatic;
				DEVELOPMENT_TEAM = ZEKMNK5YD3;
				INFOPLIST_FILE = "Play-Video-From-URL/Info.plist";
				LD_RUNPATH_SEARCH_PATHS = (
					"$(inherited)",
					"@executable_path/Frameworks",
				);
				PRODUCT_BUNDLE_IDENTIFIER = "com.alexcpaul.Play-Video-From-URL";
				PRODUCT_NAME = "$(TARGET_NAME)";
				SWIFT_VERSION = 5.0;
				TARGETED_DEVICE_FAMILY = "1,2";
			};
			name = Release;
		};
/* End XCBuildConfiguration section */

/* Begin XCConfigurationList section */
		571DBB7A25B8CAD500ABBF97 /* Build configuration list for PBXProject "Play-Video-From-URL" */ = {
			isa = XCConfigurationList;
			buildConfigurations = (
				571DBB9125B8CAD800ABBF97 /* Debug */,
				571DBB9225B8CAD800ABBF97 /* Release */,
			);
			defaultConfigurationIsVisible = 0;
			defaultConfigurationName = Release;
		};
		571DBB9325B8CAD800ABBF97 /* Build configuration list for PBXNativeTarget "Play-Video-From-URL" */ = {
			isa = XCConfigurationList;
			buildConfigurations = (
				571DBB9425B8CAD800ABBF97 /* Debug */,
				571DBB9525B8CAD800ABBF97 /* Release */,
			);
			defaultConfigurationIsVisible = 0;
			defaultConfigurationName = Release;
		};
/* End XCConfigurationList section */
	};
	rootObject = 571DBB7725B8CAD500ABBF97 /* Project object */;
}
